
Microsoft Visual Studio Solution File, Format Version 12.00
# Visual Studio Version 16
VisualStudioVersion = 16.0.30517.126
MinimumVisualStudioVersion = 10.0.40219.1
Project("{FAE04EC0-301F-11D3-BF4B-00C04F79EFBC}") = "WindowsFormsApp1", "WindowsFormsApp1\WindowsFormsApp1.csproj", "{FC8E56EF-4E5B-42DF-A1C9-20E0F979D09D}"
EndProject
Project("{FAE04EC0-301F-11D3-BF4B-00C04F79EFBC}") = "ApiMarvel", "ApiMarvel\ApiMarvel.csproj", "{4294236F-D1C3-4B3E-93F5-C7003304ECCE}"
EndProject
Project("{FAE04EC0-301F-11D3-BF4B-00C04F79EFBC}") = "ConsoleAppTestes", "ConsoleAppTestes\ConsoleAppTestes.csproj", "{977CCC8C-7C98-4BA0-833D-E1D8F2B21FD9}"
EndProject
Global
	GlobalSection(SolutionConfigurationPlatforms) = preSolution
		Debug|Any CPU = Debug|Any CPU
		Release|Any CPU = Release|Any CPU
	EndGlobalSection
	GlobalSection(ProjectConfigurationPlatforms) = postSolution
		{FC8E56EF-4E5B-42DF-A1C9-20E0F979D09D}.Debug|Any CPU.ActiveCfg = Debug|Any CPU
		{FC8E56EF-4E5B-42DF-A1C9-20E0F979D09D}.Debug|Any CPU.Build.0 = Debug|Any CPU
		{FC8E56EF-4E5B-42DF-A1C9-20E0F979D09D}.Release|Any CPU.ActiveCfg = Release|Any CPU
		{FC8E56EF-4E5B-42DF-A1C9-20E0F979D09D}.Release|Any CPU.Build.0 = Release|Any CPU
		{4294236F-D1C3-4B3E-93F5-C7003304ECCE}.Debug|Any CPU.ActiveCfg = Debug|Any CPU
		{4294236F-D1C3-4B3E-93F5-C7003304ECCE}.Debug|Any CPU.Build.0 = Debug|Any CPU
		{4294236F-D1C3-4B3E-93F5-C7003304ECCE}.Release|Any CPU.ActiveCfg = Release|Any CPU
		{4294236F-D1C3-4B3E-93F5-C7003304ECCE}.Release|Any CPU.Build.0 = Release|Any CPU
		{977CCC8C-7C98-4BA0-833D-E1D8F2B21FD9}.Debug|Any CPU.ActiveCfg = Debug|Any CPU
		{977CCC8C-7C98-4BA0-833D-E1D8F2B21FD9}.Debug|Any CPU.Build.0 = Debug|Any CPU
		{977CCC8C-7C98-4BA0-833D-E1D8F2B21FD9}.Release|Any CPU.ActiveCfg = Release|Any CPU
		{977CCC8C-7C98-4BA0-833D-E1D8F2B21FD9}.Release|Any CPU.Build.0 = Release|Any CPU
	EndGlobalSection
	GlobalSection(SolutionProperties) = preSolution
		HideSolutionNode = FALSE
	EndGlobalSection
	GlobalSection(ExtensibilityGlobals) = postSolution
		SolutionGuid = {E8C5569F-65D9-4342-9A14-0F3AE1E9BEB5}
	EndGlobalSection
EndGlobal
